
Microsoft Visual Studio Solution File, Format Version 12.00
# Visual Studio Version 17
VisualStudioVersion = 17.9.34723.18
MinimumVisualStudioVersion = 10.0.40219.1
Project("{FAE04EC0-301F-11D3-BF4B-00C04F79EFBC}") = "ShoppingCart", "ShoppingCart\ShoppingCart.csproj", "{136A93C7-BE22-4400-B085-BF47732F18D7}"
EndProject
Global
	GlobalSection(SolutionConfigurationPlatforms) = preSolution
		Debug|Any CPU = Debug|Any CPU
		Release|Any CPU = Release|Any CPU
	EndGlobalSection
	GlobalSection(ProjectConfigurationPlatforms) = postSolution
		{136A93C7-BE22-4400-B085-BF47732F18D7}.Debug|Any CPU.ActiveCfg = Debug|Any CPU
		{136A93C7-BE22-4400-B085-BF47732F18D7}.Debug|Any CPU.Build.0 = Debug|Any CPU
		{136A93C7-BE22-4400-B085-BF47732F18D7}.Release|Any CPU.ActiveCfg = Release|Any CPU
		{136A93C7-BE22-4400-B085-BF47732F18D7}.Release|Any CPU.Build.0 = Release|Any CPU
	EndGlobalSection
	GlobalSection(SolutionProperties) = preSolution
		HideSolutionNode = FALSE
	EndGlobalSection
	GlobalSection(ExtensibilityGlobals) = postSolution
		SolutionGuid = {D887D1FA-8EC2-4465-853D-BF6AAD726A2E}
	EndGlobalSection
EndGlobal
