
Microsoft Visual Studio Solution File, Format Version 12.00
# Visual Studio Version 17
VisualStudioVersion = 17.9.34723.18
MinimumVisualStudioVersion = 10.0.40219.1
Project("{FAE04EC0-301F-11D3-BF4B-00C04F79EFBC}") = "PizzaOrders", "PizzaOrders\PizzaOrders.csproj", "{AB696853-BD04-4422-B9C8-B13B13D69CF8}"
EndProject
Global
	GlobalSection(SolutionConfigurationPlatforms) = preSolution
		Debug|Any CPU = Debug|Any CPU
		Release|Any CPU = Release|Any CPU
	EndGlobalSection
	GlobalSection(ProjectConfigurationPlatforms) = postSolution
		{AB696853-BD04-4422-B9C8-B13B13D69CF8}.Debug|Any CPU.ActiveCfg = Debug|Any CPU
		{AB696853-BD04-4422-B9C8-B13B13D69CF8}.Debug|Any CPU.Build.0 = Debug|Any CPU
		{AB696853-BD04-4422-B9C8-B13B13D69CF8}.Release|Any CPU.ActiveCfg = Release|Any CPU
		{AB696853-BD04-4422-B9C8-B13B13D69CF8}.Release|Any CPU.Build.0 = Release|Any CPU
	EndGlobalSection
	GlobalSection(SolutionProperties) = preSolution
		HideSolutionNode = FALSE
	EndGlobalSection
	GlobalSection(ExtensibilityGlobals) = postSolution
		SolutionGuid = {3AB6DFF0-8FCF-4DF5-8F09-D298311BF522}
	EndGlobalSection
EndGlobal
