
Microsoft Visual Studio Solution File, Format Version 12.00
# Visual Studio Version 17
VisualStudioVersion = 17.9.34723.18
MinimumVisualStudioVersion = 10.0.40219.1
Project("{FAE04EC0-301F-11D3-BF4B-00C04F79EFBC}") = "Formula1", "Formula1\Formula1.csproj", "{EC176685-42B0-4788-9708-3D86E5E2DD4B}"
EndProject
Global
	GlobalSection(SolutionConfigurationPlatforms) = preSolution
		Debug|Any CPU = Debug|Any CPU
		Release|Any CPU = Release|Any CPU
	EndGlobalSection
	GlobalSection(ProjectConfigurationPlatforms) = postSolution
		{EC176685-42B0-4788-9708-3D86E5E2DD4B}.Debug|Any CPU.ActiveCfg = Debug|Any CPU
		{EC176685-42B0-4788-9708-3D86E5E2DD4B}.Debug|Any CPU.Build.0 = Debug|Any CPU
		{EC176685-42B0-4788-9708-3D86E5E2DD4B}.Release|Any CPU.ActiveCfg = Release|Any CPU
		{EC176685-42B0-4788-9708-3D86E5E2DD4B}.Release|Any CPU.Build.0 = Release|Any CPU
	EndGlobalSection
	GlobalSection(SolutionProperties) = preSolution
		HideSolutionNode = FALSE
	EndGlobalSection
	GlobalSection(ExtensibilityGlobals) = postSolution
		SolutionGuid = {73675D5B-AA1E-409B-9433-6C1A4C7BF381}
	EndGlobalSection
EndGlobal
