
Microsoft Visual Studio Solution File, Format Version 12.00
# Visual Studio Version 17
VisualStudioVersion = 17.9.34723.18
MinimumVisualStudioVersion = 10.0.40219.1
Project("{FAE04EC0-301F-11D3-BF4B-00C04F79EFBC}") = "VPaud6", "VPaud6\VPaud6.csproj", "{350FE2AA-D75D-4E85-B357-40C666B2586B}"
EndProject
Global
	GlobalSection(SolutionConfigurationPlatforms) = preSolution
		Debug|Any CPU = Debug|Any CPU
		Release|Any CPU = Release|Any CPU
	EndGlobalSection
	GlobalSection(ProjectConfigurationPlatforms) = postSolution
		{350FE2AA-D75D-4E85-B357-40C666B2586B}.Debug|Any CPU.ActiveCfg = Debug|Any CPU
		{350FE2AA-D75D-4E85-B357-40C666B2586B}.Debug|Any CPU.Build.0 = Debug|Any CPU
		{350FE2AA-D75D-4E85-B357-40C666B2586B}.Release|Any CPU.ActiveCfg = Release|Any CPU
		{350FE2AA-D75D-4E85-B357-40C666B2586B}.Release|Any CPU.Build.0 = Release|Any CPU
	EndGlobalSection
	GlobalSection(SolutionProperties) = preSolution
		HideSolutionNode = FALSE
	EndGlobalSection
	GlobalSection(ExtensibilityGlobals) = postSolution
		SolutionGuid = {0C97AD82-D053-4E8C-92A5-308C9EE7BCBF}
	EndGlobalSection
EndGlobal
