
Microsoft Visual Studio Solution File, Format Version 12.00
# Visual Studio Version 17
VisualStudioVersion = 17.9.34723.18
MinimumVisualStudioVersion = 10.0.40219.1
Project("{FAE04EC0-301F-11D3-BF4B-00C04F79EFBC}") = "kolokviumska 2022", "kolokviumska 2022\kolokviumska 2022.csproj", "{1DF36751-1A27-492B-8BF8-A829069C4559}"
EndProject
Global
	GlobalSection(SolutionConfigurationPlatforms) = preSolution
		Debug|Any CPU = Debug|Any CPU
		Release|Any CPU = Release|Any CPU
	EndGlobalSection
	GlobalSection(ProjectConfigurationPlatforms) = postSolution
		{1DF36751-1A27-492B-8BF8-A829069C4559}.Debug|Any CPU.ActiveCfg = Debug|Any CPU
		{1DF36751-1A27-492B-8BF8-A829069C4559}.Debug|Any CPU.Build.0 = Debug|Any CPU
		{1DF36751-1A27-492B-8BF8-A829069C4559}.Release|Any CPU.ActiveCfg = Release|Any CPU
		{1DF36751-1A27-492B-8BF8-A829069C4559}.Release|Any CPU.Build.0 = Release|Any CPU
	EndGlobalSection
	GlobalSection(SolutionProperties) = preSolution
		HideSolutionNode = FALSE
	EndGlobalSection
	GlobalSection(ExtensibilityGlobals) = postSolution
		SolutionGuid = {7D042E36-1AAD-4FAE-97D5-6F972BF9A69D}
	EndGlobalSection
EndGlobal
