
Microsoft Visual Studio Solution File, Format Version 12.00
# Visual Studio Version 17
VisualStudioVersion = 17.9.34723.18
MinimumVisualStudioVersion = 10.0.40219.1
Project("{FAE04EC0-301F-11D3-BF4B-00C04F79EFBC}") = "Airport2", "Airport2\Airport2.csproj", "{97576656-7939-4ED5-AACE-A22C60470E2C}"
EndProject
Global
	GlobalSection(SolutionConfigurationPlatforms) = preSolution
		Debug|Any CPU = Debug|Any CPU
		Release|Any CPU = Release|Any CPU
	EndGlobalSection
	GlobalSection(ProjectConfigurationPlatforms) = postSolution
		{97576656-7939-4ED5-AACE-A22C60470E2C}.Debug|Any CPU.ActiveCfg = Debug|Any CPU
		{97576656-7939-4ED5-AACE-A22C60470E2C}.Debug|Any CPU.Build.0 = Debug|Any CPU
		{97576656-7939-4ED5-AACE-A22C60470E2C}.Release|Any CPU.ActiveCfg = Release|Any CPU
		{97576656-7939-4ED5-AACE-A22C60470E2C}.Release|Any CPU.Build.0 = Release|Any CPU
	EndGlobalSection
	GlobalSection(SolutionProperties) = preSolution
		HideSolutionNode = FALSE
	EndGlobalSection
	GlobalSection(ExtensibilityGlobals) = postSolution
		SolutionGuid = {1847E409-C027-4272-8B31-8DCA2FB8B172}
	EndGlobalSection
EndGlobal
