
Microsoft Visual Studio Solution File, Format Version 12.00
# Visual Studio Version 17
VisualStudioVersion = 17.9.34723.18
MinimumVisualStudioVersion = 10.0.40219.1
Project("{FAE04EC0-301F-11D3-BF4B-00C04F79EFBC}") = "Crtanje formi aud7", "Crtanje formi aud7\Crtanje formi aud7.csproj", "{39164C96-05B8-4070-A9F3-94158E9C5B24}"
EndProject
Global
	GlobalSection(SolutionConfigurationPlatforms) = preSolution
		Debug|Any CPU = Debug|Any CPU
		Release|Any CPU = Release|Any CPU
	EndGlobalSection
	GlobalSection(ProjectConfigurationPlatforms) = postSolution
		{39164C96-05B8-4070-A9F3-94158E9C5B24}.Debug|Any CPU.ActiveCfg = Debug|Any CPU
		{39164C96-05B8-4070-A9F3-94158E9C5B24}.Debug|Any CPU.Build.0 = Debug|Any CPU
		{39164C96-05B8-4070-A9F3-94158E9C5B24}.Release|Any CPU.ActiveCfg = Release|Any CPU
		{39164C96-05B8-4070-A9F3-94158E9C5B24}.Release|Any CPU.Build.0 = Release|Any CPU
	EndGlobalSection
	GlobalSection(SolutionProperties) = preSolution
		HideSolutionNode = FALSE
	EndGlobalSection
	GlobalSection(ExtensibilityGlobals) = postSolution
		SolutionGuid = {2E008DD4-BD75-40C6-9652-BC10F078F0C9}
	EndGlobalSection
EndGlobal
